
Microsoft Visual Studio Solution File, Format Version 12.00
# Visual Studio Version 17
VisualStudioVersion = 17.4.33213.308
MinimumVisualStudioVersion = 10.0.40219.1
Project("{FAE04EC0-301F-11D3-BF4B-00C04F79EFBC}") = "Template.API", "Template.API\Template.API.csproj", "{58EB5AF5-0048-459F-91C6-AE1D3892C93D}"
EndProject
Project("{FAE04EC0-301F-11D3-BF4B-00C04F79EFBC}") = "Template.Infrastructure", "Template.Service\Template.Infrastructure.csproj", "{450C51A6-1209-4138-BF0E-5C5EE4C77F9B}"
EndProject
Project("{FAE04EC0-301F-11D3-BF4B-00C04F79EFBC}") = "Template.Domain", "Template.Repository\Template.Domain.csproj", "{199845D2-077D-41BC-9C59-C3853B96D818}"
EndProject
Project("{FAE04EC0-301F-11D3-BF4B-00C04F79EFBC}") = "Template.Tests", "Template.Tests\Template.Tests.csproj", "{23675DD0-7368-44D1-BD38-71F6CCFF65E9}"
EndProject
Project("{FAE04EC0-301F-11D3-BF4B-00C04F79EFBC}") = "Template.Application", "Template.Application\Template.Application.csproj", "{996A6F73-BFDA-4A53-98A0-89E8B944ADE3}"
EndProject
Global
	GlobalSection(SolutionConfigurationPlatforms) = preSolution
		Debug|Any CPU = Debug|Any CPU
		Release|Any CPU = Release|Any CPU
	EndGlobalSection
	GlobalSection(ProjectConfigurationPlatforms) = postSolution
		{58EB5AF5-0048-459F-91C6-AE1D3892C93D}.Debug|Any CPU.ActiveCfg = Debug|Any CPU
		{58EB5AF5-0048-459F-91C6-AE1D3892C93D}.Debug|Any CPU.Build.0 = Debug|Any CPU
		{58EB5AF5-0048-459F-91C6-AE1D3892C93D}.Release|Any CPU.ActiveCfg = Release|Any CPU
		{58EB5AF5-0048-459F-91C6-AE1D3892C93D}.Release|Any CPU.Build.0 = Release|Any CPU
		{450C51A6-1209-4138-BF0E-5C5EE4C77F9B}.Debug|Any CPU.ActiveCfg = Debug|Any CPU
		{450C51A6-1209-4138-BF0E-5C5EE4C77F9B}.Debug|Any CPU.Build.0 = Debug|Any CPU
		{450C51A6-1209-4138-BF0E-5C5EE4C77F9B}.Release|Any CPU.ActiveCfg = Release|Any CPU
		{450C51A6-1209-4138-BF0E-5C5EE4C77F9B}.Release|Any CPU.Build.0 = Release|Any CPU
		{199845D2-077D-41BC-9C59-C3853B96D818}.Debug|Any CPU.ActiveCfg = Debug|Any CPU
		{199845D2-077D-41BC-9C59-C3853B96D818}.Debug|Any CPU.Build.0 = Debug|Any CPU
		{199845D2-077D-41BC-9C59-C3853B96D818}.Release|Any CPU.ActiveCfg = Release|Any CPU
		{199845D2-077D-41BC-9C59-C3853B96D818}.Release|Any CPU.Build.0 = Release|Any CPU
		{23675DD0-7368-44D1-BD38-71F6CCFF65E9}.Debug|Any CPU.ActiveCfg = Debug|Any CPU
		{23675DD0-7368-44D1-BD38-71F6CCFF65E9}.Debug|Any CPU.Build.0 = Debug|Any CPU
		{23675DD0-7368-44D1-BD38-71F6CCFF65E9}.Release|Any CPU.ActiveCfg = Release|Any CPU
		{23675DD0-7368-44D1-BD38-71F6CCFF65E9}.Release|Any CPU.Build.0 = Release|Any CPU
		{996A6F73-BFDA-4A53-98A0-89E8B944ADE3}.Debug|Any CPU.ActiveCfg = Debug|Any CPU
		{996A6F73-BFDA-4A53-98A0-89E8B944ADE3}.Debug|Any CPU.Build.0 = Debug|Any CPU
		{996A6F73-BFDA-4A53-98A0-89E8B944ADE3}.Release|Any CPU.ActiveCfg = Release|Any CPU
		{996A6F73-BFDA-4A53-98A0-89E8B944ADE3}.Release|Any CPU.Build.0 = Release|Any CPU
	EndGlobalSection
	GlobalSection(SolutionProperties) = preSolution
		HideSolutionNode = FALSE
	EndGlobalSection
	GlobalSection(ExtensibilityGlobals) = postSolution
		SolutionGuid = {05CB8C3F-E190-4265-BC12-2106A6BC8F65}
	EndGlobalSection
EndGlobal
